
Microsoft Visual Studio Solution File, Format Version 12.00
# Visual Studio Version 16
VisualStudioVersion = 16.0.32002.261
MinimumVisualStudioVersion = 10.0.40219.1
Project("{FAE04EC0-301F-11D3-BF4B-00C04F79EFBC}") = "solodovnik06", "solodovnik06\solodovnik06.csproj", "{45F27D0F-1B13-4505-B65B-5CA3B6164D82}"
EndProject
Global
	GlobalSection(SolutionConfigurationPlatforms) = preSolution
		Debug|Any CPU = Debug|Any CPU
		Release|Any CPU = Release|Any CPU
	EndGlobalSection
	GlobalSection(ProjectConfigurationPlatforms) = postSolution
		{45F27D0F-1B13-4505-B65B-5CA3B6164D82}.Debug|Any CPU.ActiveCfg = Debug|Any CPU
		{45F27D0F-1B13-4505-B65B-5CA3B6164D82}.Debug|Any CPU.Build.0 = Debug|Any CPU
		{45F27D0F-1B13-4505-B65B-5CA3B6164D82}.Release|Any CPU.ActiveCfg = Release|Any CPU
		{45F27D0F-1B13-4505-B65B-5CA3B6164D82}.Release|Any CPU.Build.0 = Release|Any CPU
	EndGlobalSection
	GlobalSection(SolutionProperties) = preSolution
		HideSolutionNode = FALSE
	EndGlobalSection
	GlobalSection(ExtensibilityGlobals) = postSolution
		SolutionGuid = {B999F14F-40EE-4F51-9045-A4A13DA921DB}
	EndGlobalSection
EndGlobal
