
Microsoft Visual Studio Solution File, Format Version 12.00
# Visual Studio Version 16
VisualStudioVersion = 16.0.32002.261
MinimumVisualStudioVersion = 10.0.40219.1
Project("{FAE04EC0-301F-11D3-BF4B-00C04F79EFBC}") = "solodovnik07", "solodovnik07\solodovnik07.csproj", "{BEC4705B-B7C7-46AD-86C0-2A1ED19321A0}"
EndProject
Global
	GlobalSection(SolutionConfigurationPlatforms) = preSolution
		Debug|Any CPU = Debug|Any CPU
		Release|Any CPU = Release|Any CPU
	EndGlobalSection
	GlobalSection(ProjectConfigurationPlatforms) = postSolution
		{BEC4705B-B7C7-46AD-86C0-2A1ED19321A0}.Debug|Any CPU.ActiveCfg = Debug|Any CPU
		{BEC4705B-B7C7-46AD-86C0-2A1ED19321A0}.Debug|Any CPU.Build.0 = Debug|Any CPU
		{BEC4705B-B7C7-46AD-86C0-2A1ED19321A0}.Release|Any CPU.ActiveCfg = Release|Any CPU
		{BEC4705B-B7C7-46AD-86C0-2A1ED19321A0}.Release|Any CPU.Build.0 = Release|Any CPU
	EndGlobalSection
	GlobalSection(SolutionProperties) = preSolution
		HideSolutionNode = FALSE
	EndGlobalSection
	GlobalSection(ExtensibilityGlobals) = postSolution
		SolutionGuid = {560745B7-5E40-4D8A-BC2E-D1EE2A10E4BB}
	EndGlobalSection
EndGlobal
